// !$*UTF8*$!
{
	archiveVersion = 1;
	classes = {
	};
	objectVersion = 46;
	objects = {

/* Begin PBXBuildFile section */
		5D3F23F31696481E003736FE /* Foundation.framework in Frameworks */ = {isa = PBXBuildFile; fileRef = 5D3F23F21696481E003736FE /* Foundation.framework */; };
		5D3F23F81696481E003736FE /* gemfire.h in CopyFiles */ = {isa = PBXBuildFile; fileRef = 5D3F23F71696481E003736FE /* gemfire.h */; };
		5D3F23FA1696481E003736FE /* gemfire.m in Sources */ = {isa = PBXBuildFile; fileRef = 5D3F23F91696481E003736FE /* gemfire.m */; };
		5D3F24021696481E003736FE /* SenTestingKit.framework in Frameworks */ = {isa = PBXBuildFile; fileRef = 5D3F24011696481E003736FE /* SenTestingKit.framework */; };
		5D3F24041696481E003736FE /* UIKit.framework in Frameworks */ = {isa = PBXBuildFile; fileRef = 5D3F24031696481E003736FE /* UIKit.framework */; };
		5D3F24051696481E003736FE /* Foundation.framework in Frameworks */ = {isa = PBXBuildFile; fileRef = 5D3F23F21696481E003736FE /* Foundation.framework */; };
		5D3F24081696481E003736FE /* libgemfire.a in Frameworks */ = {isa = PBXBuildFile; fileRef = 5D3F23EF1696481E003736FE /* libgemfire.a */; };
		5D3F240E1696481E003736FE /* InfoPlist.strings in Resources */ = {isa = PBXBuildFile; fileRef = 5D3F240C1696481E003736FE /* InfoPlist.strings */; };
		5D3F24111696481E003736FE /* gemfireTests.m in Sources */ = {isa = PBXBuildFile; fileRef = 5D3F24101696481E003736FE /* gemfireTests.m */; };
/* End PBXBuildFile section */

/* Begin PBXContainerItemProxy section */
		5D3F24061696481E003736FE /* PBXContainerItemProxy */ = {
			isa = PBXContainerItemProxy;
			containerPortal = 5D3F23E61696481D003736FE /* Project object */;
			proxyType = 1;
			remoteGlobalIDString = 5D3F23EE1696481D003736FE;
			remoteInfo = gemfire;
		};
/* End PBXContainerItemProxy section */

/* Begin PBXCopyFilesBuildPhase section */
		5D3F23ED1696481D003736FE /* CopyFiles */ = {
			isa = PBXCopyFilesBuildPhase;
			buildActionMask = 2147483647;
			dstPath = "include/${PRODUCT_NAME}";
			dstSubfolderSpec = 16;
			files = (
				5D3F23F81696481E003736FE /* gemfire.h in CopyFiles */,
			);
			runOnlyForDeploymentPostprocessing = 0;
		};
/* End PBXCopyFilesBuildPhase section */

/* Begin PBXFileReference section */
		5D3F23EF1696481E003736FE /* libgemfire.a */ = {isa = PBXFileReference; explicitFileType = archive.ar; includeInIndex = 0; path = libgemfire.a; sourceTree = BUILT_PRODUCTS_DIR; };
		5D3F23F21696481E003736FE /* Foundation.framework */ = {isa = PBXFileReference; lastKnownFileType = wrapper.framework; name = Foundation.framework; path = System/Library/Frameworks/Foundation.framework; sourceTree = SDKROOT; };
		5D3F23F61696481E003736FE /* gemfire-Prefix.pch */ = {isa = PBXFileReference; lastKnownFileType = sourcecode.c.h; path = "gemfire-Prefix.pch"; sourceTree = "<group>"; };
		5D3F23F71696481E003736FE /* gemfire.h */ = {isa = PBXFileReference; lastKnownFileType = sourcecode.c.h; path = gemfire.h; sourceTree = "<group>"; };
		5D3F23F91696481E003736FE /* gemfire.m */ = {isa = PBXFileReference; lastKnownFileType = sourcecode.c.objc; path = gemfire.m; sourceTree = "<group>"; };
		5D3F24001696481E003736FE /* gemfireTests.octest */ = {isa = PBXFileReference; explicitFileType = wrapper.cfbundle; includeInIndex = 0; path = gemfireTests.octest; sourceTree = BUILT_PRODUCTS_DIR; };
		5D3F24011696481E003736FE /* SenTestingKit.framework */ = {isa = PBXFileReference; lastKnownFileType = wrapper.framework; name = SenTestingKit.framework; path = Library/Frameworks/SenTestingKit.framework; sourceTree = DEVELOPER_DIR; };
		5D3F24031696481E003736FE /* UIKit.framework */ = {isa = PBXFileReference; lastKnownFileType = wrapper.framework; name = UIKit.framework; path = Library/Frameworks/UIKit.framework; sourceTree = DEVELOPER_DIR; };
		5D3F240B1696481E003736FE /* gemfireTests-Info.plist */ = {isa = PBXFileReference; lastKnownFileType = text.plist.xml; path = "gemfireTests-Info.plist"; sourceTree = "<group>"; };
		5D3F240D1696481E003736FE /* en */ = {isa = PBXFileReference; lastKnownFileType = text.plist.strings; name = en; path = en.lproj/InfoPlist.strings; sourceTree = "<group>"; };
		5D3F240F1696481E003736FE /* gemfireTests.h */ = {isa = PBXFileReference; lastKnownFileType = sourcecode.c.h; path = gemfireTests.h; sourceTree = "<group>"; };
		5D3F24101696481E003736FE /* gemfireTests.m */ = {isa = PBXFileReference; lastKnownFileType = sourcecode.c.objc; path = gemfireTests.m; sourceTree = "<group>"; };
/* End PBXFileReference section */

/* Begin PBXFrameworksBuildPhase section */
		5D3F23EC1696481D003736FE /* Frameworks */ = {
			isa = PBXFrameworksBuildPhase;
			buildActionMask = 2147483647;
			files = (
				5D3F23F31696481E003736FE /* Foundation.framework in Frameworks */,
			);
			runOnlyForDeploymentPostprocessing = 0;
		};
		5D3F23FC1696481E003736FE /* Frameworks */ = {
			isa = PBXFrameworksBuildPhase;
			buildActionMask = 2147483647;
			files = (
				5D3F24021696481E003736FE /* SenTestingKit.framework in Frameworks */,
				5D3F24041696481E003736FE /* UIKit.framework in Frameworks */,
				5D3F24051696481E003736FE /* Foundation.framework in Frameworks */,
				5D3F24081696481E003736FE /* libgemfire.a in Frameworks */,
			);
			runOnlyForDeploymentPostprocessing = 0;
		};
/* End PBXFrameworksBuildPhase section */

/* Begin PBXGroup section */
		5D3F23E41696481D003736FE = {
			isa = PBXGroup;
			children = (
				5D3F23F41696481E003736FE /* gemfire */,
				5D3F24091696481E003736FE /* gemfireTests */,
				5D3F23F11696481E003736FE /* Frameworks */,
				5D3F23F01696481E003736FE /* Products */,
			);
			sourceTree = "<group>";
		};
		5D3F23F01696481E003736FE /* Products */ = {
			isa = PBXGroup;
			children = (
				5D3F23EF1696481E003736FE /* libgemfire.a */,
				5D3F24001696481E003736FE /* gemfireTests.octest */,
			);
			name = Products;
			sourceTree = "<group>";
		};
		5D3F23F11696481E003736FE /* Frameworks */ = {
			isa = PBXGroup;
			children = (
				5D3F23F21696481E003736FE /* Foundation.framework */,
				5D3F24011696481E003736FE /* SenTestingKit.framework */,
				5D3F24031696481E003736FE /* UIKit.framework */,
			);
			name = Frameworks;
			sourceTree = "<group>";
		};
		5D3F23F41696481E003736FE /* gemfire */ = {
			isa = PBXGroup;
			children = (
				5D3F23F71696481E003736FE /* gemfire.h */,
				5D3F23F91696481E003736FE /* gemfire.m */,
				5D3F23F51696481E003736FE /* Supporting Files */,
			);
			path = gemfire;
			sourceTree = "<group>";
		};
		5D3F23F51696481E003736FE /* Supporting Files */ = {
			isa = PBXGroup;
			children = (
				5D3F23F61696481E003736FE /* gemfire-Prefix.pch */,
			);
			name = "Supporting Files";
			sourceTree = "<group>";
		};
		5D3F24091696481E003736FE /* gemfireTests */ = {
			isa = PBXGroup;
			children = (
				5D3F240F1696481E003736FE /* gemfireTests.h */,
				5D3F24101696481E003736FE /* gemfireTests.m */,
				5D3F240A1696481E003736FE /* Supporting Files */,
			);
			path = gemfireTests;
			sourceTree = "<group>";
		};
		5D3F240A1696481E003736FE /* Supporting Files */ = {
			isa = PBXGroup;
			children = (
				5D3F240B1696481E003736FE /* gemfireTests-Info.plist */,
				5D3F240C1696481E003736FE /* InfoPlist.strings */,
			);
			name = "Supporting Files";
			sourceTree = "<group>";
		};
/* End PBXGroup section */

/* Begin PBXNativeTarget section */
		5D3F23EE1696481D003736FE /* gemfire */ = {
			isa = PBXNativeTarget;
			buildConfigurationList = 5D3F24141696481E003736FE /* Build configuration list for PBXNativeTarget "gemfire" */;
			buildPhases = (
				5D3F23EB1696481D003736FE /* Sources */,
				5D3F23EC1696481D003736FE /* Frameworks */,
				5D3F23ED1696481D003736FE /* CopyFiles */,
			);
			buildRules = (
			);
			dependencies = (
			);
			name = gemfire;
			productName = gemfire;
			productReference = 5D3F23EF1696481E003736FE /* libgemfire.a */;
			productType = "com.apple.product-type.library.static";
		};
		5D3F23FF1696481E003736FE /* gemfireTests */ = {
			isa = PBXNativeTarget;
			buildConfigurationList = 5D3F24171696481E003736FE /* Build configuration list for PBXNativeTarget "gemfireTests" */;
			buildPhases = (
				5D3F23FB1696481E003736FE /* Sources */,
				5D3F23FC1696481E003736FE /* Frameworks */,
				5D3F23FD1696481E003736FE /* Resources */,
				5D3F23FE1696481E003736FE /* ShellScript */,
			);
			buildRules = (
			);
			dependencies = (
				5D3F24071696481E003736FE /* PBXTargetDependency */,
			);
			name = gemfireTests;
			productName = gemfireTests;
			productReference = 5D3F24001696481E003736FE /* gemfireTests.octest */;
			productType = "com.apple.product-type.bundle";
		};
/* End PBXNativeTarget section */

/* Begin PBXProject section */
		5D3F23E61696481D003736FE /* Project object */ = {
			isa = PBXProject;
			attributes = {
				LastUpgradeCheck = 0450;
				ORGANIZATIONNAME = VMware;
			};
			buildConfigurationList = 5D3F23E91696481D003736FE /* Build configuration list for PBXProject "gemfire" */;
			compatibilityVersion = "Xcode 3.2";
			developmentRegion = English;
			hasScannedForEncodings = 0;
			knownRegions = (
				en,
			);
			mainGroup = 5D3F23E41696481D003736FE;
			productRefGroup = 5D3F23F01696481E003736FE /* Products */;
			projectDirPath = "";
			projectRoot = "";
			targets = (
				5D3F23EE1696481D003736FE /* gemfire */,
				5D3F23FF1696481E003736FE /* gemfireTests */,
			);
		};
/* End PBXProject section */

/* Begin PBXResourcesBuildPhase section */
		5D3F23FD1696481E003736FE /* Resources */ = {
			isa = PBXResourcesBuildPhase;
			buildActionMask = 2147483647;
			files = (
				5D3F240E1696481E003736FE /* InfoPlist.strings in Resources */,
			);
			runOnlyForDeploymentPostprocessing = 0;
		};
/* End PBXResourcesBuildPhase section */

/* Begin PBXShellScriptBuildPhase section */
		5D3F23FE1696481E003736FE /* ShellScript */ = {
			isa = PBXShellScriptBuildPhase;
			buildActionMask = 2147483647;
			files = (
			);
			inputPaths = (
			);
			outputPaths = (
			);
			runOnlyForDeploymentPostprocessing = 0;
			shellPath = /bin/sh;
			shellScript = "# Run the unit tests in this test bundle.\n\"${SYSTEM_DEVELOPER_DIR}/Tools/RunUnitTests\"\n";
		};
/* End PBXShellScriptBuildPhase section */

/* Begin PBXSourcesBuildPhase section */
		5D3F23EB1696481D003736FE /* Sources */ = {
			isa = PBXSourcesBuildPhase;
			buildActionMask = 2147483647;
			files = (
				5D3F23FA1696481E003736FE /* gemfire.m in Sources */,
			);
			runOnlyForDeploymentPostprocessing = 0;
		};
		5D3F23FB1696481E003736FE /* Sources */ = {
			isa = PBXSourcesBuildPhase;
			buildActionMask = 2147483647;
			files = (
				5D3F24111696481E003736FE /* gemfireTests.m in Sources */,
			);
			runOnlyForDeploymentPostprocessing = 0;
		};
/* End PBXSourcesBuildPhase section */

/* Begin PBXTargetDependency section */
		5D3F24071696481E003736FE /* PBXTargetDependency */ = {
			isa = PBXTargetDependency;
			target = 5D3F23EE1696481D003736FE /* gemfire */;
			targetProxy = 5D3F24061696481E003736FE /* PBXContainerItemProxy */;
		};
/* End PBXTargetDependency section */

/* Begin PBXVariantGroup section */
		5D3F240C1696481E003736FE /* InfoPlist.strings */ = {
			isa = PBXVariantGroup;
			children = (
				5D3F240D1696481E003736FE /* en */,
			);
			name = InfoPlist.strings;
			sourceTree = "<group>";
		};
/* End PBXVariantGroup section */

/* Begin XCBuildConfiguration section */
		5D3F24121696481E003736FE /* Debug */ = {
			isa = XCBuildConfiguration;
			buildSettings = {
				ALWAYS_SEARCH_USER_PATHS = NO;
				CLANG_CXX_LANGUAGE_STANDARD = "gnu++0x";
				CLANG_CXX_LIBRARY = "libc++";
				CLANG_ENABLE_OBJC_ARC = YES;
				CLANG_WARN_EMPTY_BODY = YES;
				CLANG_WARN__DUPLICATE_METHOD_MATCH = YES;
				COPY_PHASE_STRIP = NO;
				GCC_C_LANGUAGE_STANDARD = gnu99;
				GCC_DYNAMIC_NO_PIC = NO;
				GCC_OPTIMIZATION_LEVEL = 0;
				GCC_PREPROCESSOR_DEFINITIONS = (
					"DEBUG=1",
					"$(inherited)",
				);
				GCC_SYMBOLS_PRIVATE_EXTERN = NO;
				GCC_WARN_ABOUT_RETURN_TYPE = YES;
				GCC_WARN_UNINITIALIZED_AUTOS = YES;
				GCC_WARN_UNUSED_VARIABLE = YES;
				IPHONEOS_DEPLOYMENT_TARGET = 6.0;
				ONLY_ACTIVE_ARCH = YES;
				SDKROOT = iphoneos;
			};
			name = Debug;
		};
		5D3F24131696481E003736FE /* Release */ = {
			isa = XCBuildConfiguration;
			buildSettings = {
				ALWAYS_SEARCH_USER_PATHS = NO;
				CLANG_CXX_LANGUAGE_STANDARD = "gnu++0x";
				CLANG_CXX_LIBRARY = "libc++";
				CLANG_ENABLE_OBJC_ARC = YES;
				CLANG_WARN_EMPTY_BODY = YES;
				CLANG_WARN__DUPLICATE_METHOD_MATCH = YES;
				COPY_PHASE_STRIP = YES;
				GCC_C_LANGUAGE_STANDARD = gnu99;
				GCC_WARN_ABOUT_RETURN_TYPE = YES;
				GCC_WARN_UNINITIALIZED_AUTOS = YES;
				GCC_WARN_UNUSED_VARIABLE = YES;
				IPHONEOS_DEPLOYMENT_TARGET = 6.0;
				SDKROOT = iphoneos;
				VALIDATE_PRODUCT = YES;
			};
			name = Release;
		};
		5D3F24151696481E003736FE /* Debug */ = {
			isa = XCBuildConfiguration;
			buildSettings = {
				DSTROOT = /tmp/gemfire.dst;
				GCC_PRECOMPILE_PREFIX_HEADER = YES;
				GCC_PREFIX_HEADER = "gemfire/gemfire-Prefix.pch";
				OTHER_LDFLAGS = "-ObjC";
				PRODUCT_NAME = "$(TARGET_NAME)";
				SKIP_INSTALL = YES;
			};
			name = Debug;
		};
		5D3F24161696481E003736FE /* Release */ = {
			isa = XCBuildConfiguration;
			buildSettings = {
				DSTROOT = /tmp/gemfire.dst;
				GCC_PRECOMPILE_PREFIX_HEADER = YES;
				GCC_PREFIX_HEADER = "gemfire/gemfire-Prefix.pch";
				OTHER_LDFLAGS = "-ObjC";
				PRODUCT_NAME = "$(TARGET_NAME)";
				SKIP_INSTALL = YES;
			};
			name = Release;
		};
		5D3F24181696481E003736FE /* Debug */ = {
			isa = XCBuildConfiguration;
			buildSettings = {
				FRAMEWORK_SEARCH_PATHS = (
					"\"$(SDKROOT)/Developer/Library/Frameworks\"",
					"\"$(DEVELOPER_LIBRARY_DIR)/Frameworks\"",
				);
				GCC_PRECOMPILE_PREFIX_HEADER = YES;
				GCC_PREFIX_HEADER = "gemfire/gemfire-Prefix.pch";
				INFOPLIST_FILE = "gemfireTests/gemfireTests-Info.plist";
				PRODUCT_NAME = "$(TARGET_NAME)";
				WRAPPER_EXTENSION = octest;
			};
			name = Debug;
		};
		5D3F24191696481E003736FE /* Release */ = {
			isa = XCBuildConfiguration;
			buildSettings = {
				FRAMEWORK_SEARCH_PATHS = (
					"\"$(SDKROOT)/Developer/Library/Frameworks\"",
					"\"$(DEVELOPER_LIBRARY_DIR)/Frameworks\"",
				);
				GCC_PRECOMPILE_PREFIX_HEADER = YES;
				GCC_PREFIX_HEADER = "gemfire/gemfire-Prefix.pch";
				INFOPLIST_FILE = "gemfireTests/gemfireTests-Info.plist";
				PRODUCT_NAME = "$(TARGET_NAME)";
				WRAPPER_EXTENSION = octest;
			};
			name = Release;
		};
/* End XCBuildConfiguration section */

/* Begin XCConfigurationList section */
		5D3F23E91696481D003736FE /* Build configuration list for PBXProject "gemfire" */ = {
			isa = XCConfigurationList;
			buildConfigurations = (
				5D3F24121696481E003736FE /* Debug */,
				5D3F24131696481E003736FE /* Release */,
			);
			defaultConfigurationIsVisible = 0;
			defaultConfigurationName = Release;
		};
		5D3F24141696481E003736FE /* Build configuration list for PBXNativeTarget "gemfire" */ = {
			isa = XCConfigurationList;
			buildConfigurations = (
				5D3F24151696481E003736FE /* Debug */,
				5D3F24161696481E003736FE /* Release */,
			);
			defaultConfigurationIsVisible = 0;
		};
		5D3F24171696481E003736FE /* Build configuration list for PBXNativeTarget "gemfireTests" */ = {
			isa = XCConfigurationList;
			buildConfigurations = (
				5D3F24181696481E003736FE /* Debug */,
				5D3F24191696481E003736FE /* Release */,
			);
			defaultConfigurationIsVisible = 0;
		};
/* End XCConfigurationList section */
	};
	rootObject = 5D3F23E61696481D003736FE /* Project object */;
}
