// !$*UTF8*$!
{
	archiveVersion = 1;
	classes = {
	};
	objectVersion = 46;
	objects = {

/* Begin PBXBuildFile section */
		5D3F23F31696481E003736FE /* Foundation.framework in Frameworks */ = {isa = PBXBuildFile; fileRef = 5D3F23F21696481E003736FE /* Foundation.framework */; };
		5D3F23F81696481E003736FE /* BackPocket.h in CopyFiles */ = {isa = PBXBuildFile; fileRef = 5D3F23F71696481E003736FE /* BackPocket.h */; };
		5D3F23FA1696481E003736FE /* BackPocket.m in Sources */ = {isa = PBXBuildFile; fileRef = 5D3F23F91696481E003736FE /* BackPocket.m */; };
		5D3F24021696481E003736FE /* SenTestingKit.framework in Frameworks */ = {isa = PBXBuildFile; fileRef = 5D3F24011696481E003736FE /* SenTestingKit.framework */; };
		5D3F24051696481E003736FE /* Foundation.framework in Frameworks */ = {isa = PBXBuildFile; fileRef = 5D3F23F21696481E003736FE /* Foundation.framework */; };
		5D3F24081696481E003736FE /* libbackpocket.a in Frameworks */ = {isa = PBXBuildFile; fileRef = 5D3F23EF1696481E003736FE /* libbackpocket.a */; };
		5D3F240E1696481E003736FE /* InfoPlist.strings in Resources */ = {isa = PBXBuildFile; fileRef = 5D3F240C1696481E003736FE /* InfoPlist.strings */; };
		5D3F24111696481E003736FE /* BackPocketTests.m in Sources */ = {isa = PBXBuildFile; fileRef = 5D3F24101696481E003736FE /* BackPocketTests.m */; };
		5D3F241C1696521A003736FE /* PocketFactory.m in Sources */ = {isa = PBXBuildFile; fileRef = 5D3F241B1696521A003736FE /* PocketFactory.m */; };
		5D3F241F16965289003736FE /* Pocket.m in Sources */ = {isa = PBXBuildFile; fileRef = 5D3F241E16965289003736FE /* Pocket.m */; };
		5D3F2422169655B2003736FE /* DataStore.m in Sources */ = {isa = PBXBuildFile; fileRef = 5D3F2421169655B2003736FE /* DataStore.m */; };
		5D475977169960FC005B9ABF /* CoreFoundation.framework in Frameworks */ = {isa = PBXBuildFile; fileRef = 5D475976169960FC005B9ABF /* CoreFoundation.framework */; };
		5D47597A16996158005B9ABF /* CFNetwork.framework in Frameworks */ = {isa = PBXBuildFile; fileRef = 5D47597916996158005B9ABF /* CFNetwork.framework */; };
		5D47598116996E67005B9ABF /* PoolManager.m in Sources */ = {isa = PBXBuildFile; fileRef = 5D47598016996E67005B9ABF /* PoolManager.m */; };
		5D47598716996F53005B9ABF /* Pool.m in Sources */ = {isa = PBXBuildFile; fileRef = 5D47598616996F53005B9ABF /* Pool.m */; };
		5D47598D1699711C005B9ABF /* Connection.m in Sources */ = {isa = PBXBuildFile; fileRef = 5D47598C1699711C005B9ABF /* Connection.m */; };
		5DDD82F716AF42FA0068B823 /* AbstractDataStoreMap.m in Sources */ = {isa = PBXBuildFile; fileRef = 5DDD82F616AF42FA0068B823 /* AbstractDataStoreMap.m */; };
		EE80EA7C19E1EE7C00C92492 /* DefaultPListObjectSerializer.m in Sources */ = {isa = PBXBuildFile; fileRef = EE80EA7A19E1EE7C00C92492 /* DefaultPListObjectSerializer.m */; };
		EE80EA7D19E1EE7C00C92492 /* Message.m in Sources */ = {isa = PBXBuildFile; fileRef = EE80EA7B19E1EE7C00C92492 /* Message.m */; };
		EEB8EA461A0363C5000A4A98 /* PocketFactory.h in CopyFiles */ = {isa = PBXBuildFile; fileRef = 5D3F241A1696521A003736FE /* PocketFactory.h */; };
		EEB8EA471A0363D1000A4A98 /* Pocket.h in CopyFiles */ = {isa = PBXBuildFile; fileRef = 5D3F241D16965289003736FE /* Pocket.h */; };
/* End PBXBuildFile section */

/* Begin PBXContainerItemProxy section */
		5D3F24061696481E003736FE /* PBXContainerItemProxy */ = {
			isa = PBXContainerItemProxy;
			containerPortal = 5D3F23E61696481D003736FE /* Project object */;
			proxyType = 1;
			remoteGlobalIDString = 5D3F23EE1696481D003736FE;
			remoteInfo = backpocket;
		};
		5D4D6F39180C6F7A004A5243 /* PBXContainerItemProxy */ = {
			isa = PBXContainerItemProxy;
			containerPortal = 5D7F5F2C16FEED8000428EC7 /* SampleObjectCache.xcodeproj */;
			proxyType = 2;
			remoteGlobalIDString = 5D7F5F0316FEED8000428EC7;
			remoteInfo = SampleObjectCache;
		};
/* End PBXContainerItemProxy section */

/* Begin PBXCopyFilesBuildPhase section */
		5D3F23ED1696481D003736FE /* CopyFiles */ = {
			isa = PBXCopyFilesBuildPhase;
			buildActionMask = 2147483647;
			dstPath = "include/${PRODUCT_NAME}";
			dstSubfolderSpec = 16;
			files = (
				EEB8EA471A0363D1000A4A98 /* Pocket.h in CopyFiles */,
				EEB8EA461A0363C5000A4A98 /* PocketFactory.h in CopyFiles */,
				5D3F23F81696481E003736FE /* BackPocket.h in CopyFiles */,
			);
			runOnlyForDeploymentPostprocessing = 0;
		};
/* End PBXCopyFilesBuildPhase section */

/* Begin PBXFileReference section */
		5D3F23EF1696481E003736FE /* libbackpocket.a */ = {isa = PBXFileReference; explicitFileType = archive.ar; includeInIndex = 0; path = libbackpocket.a; sourceTree = BUILT_PRODUCTS_DIR; };
		5D3F23F21696481E003736FE /* Foundation.framework */ = {isa = PBXFileReference; lastKnownFileType = wrapper.framework; name = Foundation.framework; path = System/Library/Frameworks/Foundation.framework; sourceTree = SDKROOT; };
		5D3F23F61696481E003736FE /* backpocket-Prefix.pch */ = {isa = PBXFileReference; lastKnownFileType = sourcecode.c.h; path = "backpocket-Prefix.pch"; sourceTree = "<group>"; };
		5D3F23F71696481E003736FE /* BackPocket.h */ = {isa = PBXFileReference; lastKnownFileType = sourcecode.c.h; path = BackPocket.h; sourceTree = "<group>"; };
		5D3F23F91696481E003736FE /* BackPocket.m */ = {isa = PBXFileReference; lastKnownFileType = sourcecode.c.objc; path = BackPocket.m; sourceTree = "<group>"; };
		5D3F24001696481E003736FE /* backpocketTests.octest */ = {isa = PBXFileReference; explicitFileType = wrapper.cfbundle; includeInIndex = 0; path = backpocketTests.octest; sourceTree = BUILT_PRODUCTS_DIR; };
		5D3F24011696481E003736FE /* SenTestingKit.framework */ = {isa = PBXFileReference; lastKnownFileType = wrapper.framework; name = SenTestingKit.framework; path = Library/Frameworks/SenTestingKit.framework; sourceTree = DEVELOPER_DIR; };
		5D3F240B1696481E003736FE /* backpocketTests-Info.plist */ = {isa = PBXFileReference; lastKnownFileType = text.plist.xml; path = "backpocketTests-Info.plist"; sourceTree = "<group>"; };
		5D3F240D1696481E003736FE /* en */ = {isa = PBXFileReference; lastKnownFileType = text.plist.strings; name = en; path = en.lproj/InfoPlist.strings; sourceTree = "<group>"; };
		5D3F240F1696481E003736FE /* BackPocketTests.h */ = {isa = PBXFileReference; lastKnownFileType = sourcecode.c.h; path = BackPocketTests.h; sourceTree = "<group>"; };
		5D3F24101696481E003736FE /* BackPocketTests.m */ = {isa = PBXFileReference; lastKnownFileType = sourcecode.c.objc; path = BackPocketTests.m; sourceTree = "<group>"; };
		5D3F241A1696521A003736FE /* PocketFactory.h */ = {isa = PBXFileReference; fileEncoding = 4; lastKnownFileType = sourcecode.c.h; path = PocketFactory.h; sourceTree = "<group>"; };
		5D3F241B1696521A003736FE /* PocketFactory.m */ = {isa = PBXFileReference; fileEncoding = 4; lastKnownFileType = sourcecode.c.objc; path = PocketFactory.m; sourceTree = "<group>"; };
		5D3F241D16965289003736FE /* Pocket.h */ = {isa = PBXFileReference; fileEncoding = 4; lastKnownFileType = sourcecode.c.h; path = Pocket.h; sourceTree = "<group>"; };
		5D3F241E16965289003736FE /* Pocket.m */ = {isa = PBXFileReference; fileEncoding = 4; lastKnownFileType = sourcecode.c.objc; path = Pocket.m; sourceTree = "<group>"; };
		5D3F2420169655B2003736FE /* DataStore.h */ = {isa = PBXFileReference; fileEncoding = 4; lastKnownFileType = sourcecode.c.h; path = DataStore.h; sourceTree = "<group>"; };
		5D3F2421169655B2003736FE /* DataStore.m */ = {isa = PBXFileReference; fileEncoding = 4; lastKnownFileType = sourcecode.c.objc; path = DataStore.m; sourceTree = "<group>"; };
		5D475976169960FC005B9ABF /* CoreFoundation.framework */ = {isa = PBXFileReference; lastKnownFileType = wrapper.framework; name = CoreFoundation.framework; path = System/Library/Frameworks/CoreFoundation.framework; sourceTree = SDKROOT; };
		5D47597916996158005B9ABF /* CFNetwork.framework */ = {isa = PBXFileReference; lastKnownFileType = wrapper.framework; name = CFNetwork.framework; path = System/Library/Frameworks/CFNetwork.framework; sourceTree = SDKROOT; };
		5D47597F16996E67005B9ABF /* PoolManager.h */ = {isa = PBXFileReference; fileEncoding = 4; lastKnownFileType = sourcecode.c.h; path = PoolManager.h; sourceTree = "<group>"; };
		5D47598016996E67005B9ABF /* PoolManager.m */ = {isa = PBXFileReference; fileEncoding = 4; lastKnownFileType = sourcecode.c.objc; path = PoolManager.m; sourceTree = "<group>"; };
		5D47598516996F53005B9ABF /* Pool.h */ = {isa = PBXFileReference; fileEncoding = 4; lastKnownFileType = sourcecode.c.h; path = Pool.h; sourceTree = "<group>"; };
		5D47598616996F53005B9ABF /* Pool.m */ = {isa = PBXFileReference; fileEncoding = 4; lastKnownFileType = sourcecode.c.objc; path = Pool.m; sourceTree = "<group>"; };
		5D47598B1699711C005B9ABF /* Connection.h */ = {isa = PBXFileReference; fileEncoding = 4; lastKnownFileType = sourcecode.c.h; path = Connection.h; sourceTree = "<group>"; };
		5D47598C1699711C005B9ABF /* Connection.m */ = {isa = PBXFileReference; fileEncoding = 4; lastKnownFileType = sourcecode.c.objc; path = Connection.m; sourceTree = "<group>"; };
		5D7F5F2C16FEED8000428EC7 /* SampleObjectCache.xcodeproj */ = {isa = PBXFileReference; lastKnownFileType = "wrapper.pb-project"; name = SampleObjectCache.xcodeproj; path = src/SampleObjectCache/SampleObjectCache.xcodeproj; sourceTree = "<group>"; };
		5DDD82F516AF42FA0068B823 /* AbstractDataStoreMap.h */ = {isa = PBXFileReference; fileEncoding = 4; lastKnownFileType = sourcecode.c.h; path = AbstractDataStoreMap.h; sourceTree = "<group>"; };
		5DDD82F616AF42FA0068B823 /* AbstractDataStoreMap.m */ = {isa = PBXFileReference; fileEncoding = 4; lastKnownFileType = sourcecode.c.objc; path = AbstractDataStoreMap.m; sourceTree = "<group>"; };
		EE80EA7719E1EE5E00C92492 /* DefaultPListObjectSerializer.h */ = {isa = PBXFileReference; fileEncoding = 4; lastKnownFileType = sourcecode.c.h; path = DefaultPListObjectSerializer.h; sourceTree = "<group>"; };
		EE80EA7819E1EE5E00C92492 /* Message.h */ = {isa = PBXFileReference; fileEncoding = 4; lastKnownFileType = sourcecode.c.h; path = Message.h; sourceTree = "<group>"; };
		EE80EA7919E1EE5E00C92492 /* ObjectSerializer.h */ = {isa = PBXFileReference; fileEncoding = 4; lastKnownFileType = sourcecode.c.h; path = ObjectSerializer.h; sourceTree = "<group>"; };
		EE80EA7A19E1EE7C00C92492 /* DefaultPListObjectSerializer.m */ = {isa = PBXFileReference; fileEncoding = 4; lastKnownFileType = sourcecode.c.objc; path = DefaultPListObjectSerializer.m; sourceTree = "<group>"; };
		EE80EA7B19E1EE7C00C92492 /* Message.m */ = {isa = PBXFileReference; fileEncoding = 4; lastKnownFileType = sourcecode.c.objc; path = Message.m; sourceTree = "<group>"; };
/* End PBXFileReference section */

/* Begin PBXFrameworksBuildPhase section */
		5D3F23EC1696481D003736FE /* Frameworks */ = {
			isa = PBXFrameworksBuildPhase;
			buildActionMask = 2147483647;
			files = (
				5D47597A16996158005B9ABF /* CFNetwork.framework in Frameworks */,
				5D475977169960FC005B9ABF /* CoreFoundation.framework in Frameworks */,
				5D3F23F31696481E003736FE /* Foundation.framework in Frameworks */,
			);
			runOnlyForDeploymentPostprocessing = 0;
		};
		5D3F23FC1696481E003736FE /* Frameworks */ = {
			isa = PBXFrameworksBuildPhase;
			buildActionMask = 2147483647;
			files = (
				5D3F24021696481E003736FE /* SenTestingKit.framework in Frameworks */,
				5D3F24051696481E003736FE /* Foundation.framework in Frameworks */,
				5D3F24081696481E003736FE /* libbackpocket.a in Frameworks */,
			);
			runOnlyForDeploymentPostprocessing = 0;
		};
/* End PBXFrameworksBuildPhase section */

/* Begin PBXGroup section */
		5D3F23E41696481D003736FE = {
			isa = PBXGroup;
			children = (
				5D5B782F16D18634007C01A0 /* Examples */,
				5D3F23F41696481E003736FE /* src */,
				5D3F24091696481E003736FE /* tests */,
				5D3F23F11696481E003736FE /* Frameworks */,
				5D3F23F01696481E003736FE /* Products */,
			);
			sourceTree = "<group>";
		};
		5D3F23F01696481E003736FE /* Products */ = {
			isa = PBXGroup;
			children = (
				5D3F23EF1696481E003736FE /* libbackpocket.a */,
				5D3F24001696481E003736FE /* backpocketTests.octest */,
			);
			name = Products;
			sourceTree = "<group>";
		};
		5D3F23F11696481E003736FE /* Frameworks */ = {
			isa = PBXGroup;
			children = (
				5D475976169960FC005B9ABF /* CoreFoundation.framework */,
				5D47597916996158005B9ABF /* CFNetwork.framework */,
				5D3F23F21696481E003736FE /* Foundation.framework */,
				5D3F24011696481E003736FE /* SenTestingKit.framework */,
			);
			name = Frameworks;
			sourceTree = "<group>";
		};
		5D3F23F41696481E003736FE /* src */ = {
			isa = PBXGroup;
			children = (
				5D3F23F71696481E003736FE /* BackPocket.h */,
				5D3F23F91696481E003736FE /* BackPocket.m */,
				5D3F241A1696521A003736FE /* PocketFactory.h */,
				5D3F241B1696521A003736FE /* PocketFactory.m */,
				5D3F241D16965289003736FE /* Pocket.h */,
				5D3F241E16965289003736FE /* Pocket.m */,
				EE80EA7619E1EE3B00C92492 /* Message */,
				5D47598816996FBC005B9ABF /* Pool */,
				5D3F23F51696481E003736FE /* Client */,
			);
			path = src;
			sourceTree = "<group>";
		};
		5D3F23F51696481E003736FE /* Client */ = {
			isa = PBXGroup;
			children = (
				5D3F2420169655B2003736FE /* DataStore.h */,
				5D3F2421169655B2003736FE /* DataStore.m */,
				5DDD82F516AF42FA0068B823 /* AbstractDataStoreMap.h */,
				5DDD82F616AF42FA0068B823 /* AbstractDataStoreMap.m */,
				5D3F23F61696481E003736FE /* backpocket-Prefix.pch */,
			);
			name = Client;
			sourceTree = "<group>";
		};
		5D3F24091696481E003736FE /* tests */ = {
			isa = PBXGroup;
			children = (
				5D3F240F1696481E003736FE /* BackPocketTests.h */,
				5D3F24101696481E003736FE /* BackPocketTests.m */,
				5D3F240A1696481E003736FE /* Supporting Files */,
			);
			name = tests;
			path = test;
			sourceTree = "<group>";
		};
		5D3F240A1696481E003736FE /* Supporting Files */ = {
			isa = PBXGroup;
			children = (
				5D3F240B1696481E003736FE /* backpocketTests-Info.plist */,
				5D3F240C1696481E003736FE /* InfoPlist.strings */,
			);
			name = "Supporting Files";
			sourceTree = "<group>";
		};
		5D47598816996FBC005B9ABF /* Pool */ = {
			isa = PBXGroup;
			children = (
				5D47597F16996E67005B9ABF /* PoolManager.h */,
				5D47598016996E67005B9ABF /* PoolManager.m */,
				5D47598516996F53005B9ABF /* Pool.h */,
				5D47598616996F53005B9ABF /* Pool.m */,
				5D47598B1699711C005B9ABF /* Connection.h */,
				5D47598C1699711C005B9ABF /* Connection.m */,
			);
			name = Pool;
			sourceTree = "<group>";
		};
		5D4D6F36180C6F7A004A5243 /* Products */ = {
			isa = PBXGroup;
			children = (
				5D4D6F3A180C6F7A004A5243 /* SampleObjectCache.app */,
			);
			name = Products;
			sourceTree = "<group>";
		};
		5D5B782F16D18634007C01A0 /* Examples */ = {
			isa = PBXGroup;
			children = (
				5D7F5F2C16FEED8000428EC7 /* SampleObjectCache.xcodeproj */,
			);
			name = Examples;
			sourceTree = "<group>";
		};
		EE80EA7619E1EE3B00C92492 /* Message */ = {
			isa = PBXGroup;
			children = (
				EE80EA7819E1EE5E00C92492 /* Message.h */,
				EE80EA7B19E1EE7C00C92492 /* Message.m */,
				EE80EA7919E1EE5E00C92492 /* ObjectSerializer.h */,
				EE80EA7719E1EE5E00C92492 /* DefaultPListObjectSerializer.h */,
				EE80EA7A19E1EE7C00C92492 /* DefaultPListObjectSerializer.m */,
			);
			name = Message;
			sourceTree = "<group>";
		};
/* End PBXGroup section */

/* Begin PBXNativeTarget section */
		5D3F23EE1696481D003736FE /* backpocket */ = {
			isa = PBXNativeTarget;
			buildConfigurationList = 5D3F24141696481E003736FE /* Build configuration list for PBXNativeTarget "backpocket" */;
			buildPhases = (
				5D3F23EB1696481D003736FE /* Sources */,
				5D3F23EC1696481D003736FE /* Frameworks */,
				5D3F23ED1696481D003736FE /* CopyFiles */,
			);
			buildRules = (
			);
			dependencies = (
			);
			name = backpocket;
			productName = backpocket;
			productReference = 5D3F23EF1696481E003736FE /* libbackpocket.a */;
			productType = "com.apple.product-type.library.static";
		};
		5D3F23FF1696481E003736FE /* backpocketTests */ = {
			isa = PBXNativeTarget;
			buildConfigurationList = 5D3F24171696481E003736FE /* Build configuration list for PBXNativeTarget "backpocketTests" */;
			buildPhases = (
				5D3F23FB1696481E003736FE /* Sources */,
				5D3F23FC1696481E003736FE /* Frameworks */,
				5D3F23FD1696481E003736FE /* Resources */,
				5D3F23FE1696481E003736FE /* ShellScript */,
			);
			buildRules = (
			);
			dependencies = (
				5D3F24071696481E003736FE /* PBXTargetDependency */,
			);
			name = backpocketTests;
			productName = backpocketTests;
			productReference = 5D3F24001696481E003736FE /* backpocketTests.octest */;
			productType = "com.apple.product-type.bundle";
		};
/* End PBXNativeTarget section */

/* Begin PBXProject section */
		5D3F23E61696481D003736FE /* Project object */ = {
			isa = PBXProject;
			attributes = {
				LastTestingUpgradeCheck = 0510;
				LastUpgradeCheck = 0450;
				ORGANIZATIONNAME = VMware;
			};
			buildConfigurationList = 5D3F23E91696481D003736FE /* Build configuration list for PBXProject "backpocket" */;
			compatibilityVersion = "Xcode 3.2";
			developmentRegion = English;
			hasScannedForEncodings = 0;
			knownRegions = (
				en,
			);
			mainGroup = 5D3F23E41696481D003736FE;
			productRefGroup = 5D3F23F01696481E003736FE /* Products */;
			projectDirPath = "";
			projectReferences = (
				{
					ProductGroup = 5D4D6F36180C6F7A004A5243 /* Products */;
					ProjectRef = 5D7F5F2C16FEED8000428EC7 /* SampleObjectCache.xcodeproj */;
				},
			);
			projectRoot = "";
			targets = (
				5D3F23EE1696481D003736FE /* backpocket */,
				5D3F23FF1696481E003736FE /* backpocketTests */,
			);
		};
/* End PBXProject section */

/* Begin PBXReferenceProxy section */
		5D4D6F3A180C6F7A004A5243 /* SampleObjectCache.app */ = {
			isa = PBXReferenceProxy;
			fileType = wrapper.application;
			path = SampleObjectCache.app;
			remoteRef = 5D4D6F39180C6F7A004A5243 /* PBXContainerItemProxy */;
			sourceTree = BUILT_PRODUCTS_DIR;
		};
/* End PBXReferenceProxy section */

/* Begin PBXResourcesBuildPhase section */
		5D3F23FD1696481E003736FE /* Resources */ = {
			isa = PBXResourcesBuildPhase;
			buildActionMask = 2147483647;
			files = (
				5D3F240E1696481E003736FE /* InfoPlist.strings in Resources */,
			);
			runOnlyForDeploymentPostprocessing = 0;
		};
/* End PBXResourcesBuildPhase section */

/* Begin PBXShellScriptBuildPhase section */
		5D3F23FE1696481E003736FE /* ShellScript */ = {
			isa = PBXShellScriptBuildPhase;
			buildActionMask = 2147483647;
			files = (
			);
			inputPaths = (
			);
			outputPaths = (
			);
			runOnlyForDeploymentPostprocessing = 0;
			shellPath = /bin/sh;
			shellScript = "# Run the unit tests in this test bundle.\n\"${SYSTEM_DEVELOPER_DIR}/Tools/RunUnitTests\"\n";
		};
/* End PBXShellScriptBuildPhase section */

/* Begin PBXSourcesBuildPhase section */
		5D3F23EB1696481D003736FE /* Sources */ = {
			isa = PBXSourcesBuildPhase;
			buildActionMask = 2147483647;
			files = (
				5D3F23FA1696481E003736FE /* BackPocket.m in Sources */,
				5D3F241C1696521A003736FE /* PocketFactory.m in Sources */,
				5D3F241F16965289003736FE /* Pocket.m in Sources */,
				5D3F2422169655B2003736FE /* DataStore.m in Sources */,
				5D47598116996E67005B9ABF /* PoolManager.m in Sources */,
				5D47598716996F53005B9ABF /* Pool.m in Sources */,
				5D47598D1699711C005B9ABF /* Connection.m in Sources */,
				EE80EA7D19E1EE7C00C92492 /* Message.m in Sources */,
				EE80EA7C19E1EE7C00C92492 /* DefaultPListObjectSerializer.m in Sources */,
				5DDD82F716AF42FA0068B823 /* AbstractDataStoreMap.m in Sources */,
			);
			runOnlyForDeploymentPostprocessing = 0;
		};
		5D3F23FB1696481E003736FE /* Sources */ = {
			isa = PBXSourcesBuildPhase;
			buildActionMask = 2147483647;
			files = (
				5D3F24111696481E003736FE /* BackPocketTests.m in Sources */,
			);
			runOnlyForDeploymentPostprocessing = 0;
		};
/* End PBXSourcesBuildPhase section */

/* Begin PBXTargetDependency section */
		5D3F24071696481E003736FE /* PBXTargetDependency */ = {
			isa = PBXTargetDependency;
			target = 5D3F23EE1696481D003736FE /* backpocket */;
			targetProxy = 5D3F24061696481E003736FE /* PBXContainerItemProxy */;
		};
/* End PBXTargetDependency section */

/* Begin PBXVariantGroup section */
		5D3F240C1696481E003736FE /* InfoPlist.strings */ = {
			isa = PBXVariantGroup;
			children = (
				5D3F240D1696481E003736FE /* en */,
			);
			name = InfoPlist.strings;
			sourceTree = "<group>";
		};
/* End PBXVariantGroup section */

/* Begin XCBuildConfiguration section */
		5D3F24121696481E003736FE /* Debug */ = {
			isa = XCBuildConfiguration;
			buildSettings = {
				ALWAYS_SEARCH_USER_PATHS = NO;
				CLANG_CXX_LANGUAGE_STANDARD = "gnu++0x";
				CLANG_CXX_LIBRARY = "libc++";
				CLANG_ENABLE_OBJC_ARC = YES;
				CLANG_WARN_EMPTY_BODY = YES;
				CLANG_WARN__DUPLICATE_METHOD_MATCH = YES;
				COPY_PHASE_STRIP = NO;
				GCC_C_LANGUAGE_STANDARD = gnu99;
				GCC_DYNAMIC_NO_PIC = NO;
				GCC_OPTIMIZATION_LEVEL = 0;
				GCC_PREPROCESSOR_DEFINITIONS = (
					"DEBUG=1",
					"$(inherited)",
				);
				GCC_SYMBOLS_PRIVATE_EXTERN = NO;
				GCC_WARN_ABOUT_RETURN_TYPE = YES;
				GCC_WARN_UNINITIALIZED_AUTOS = YES;
				GCC_WARN_UNUSED_VARIABLE = YES;
				IPHONEOS_DEPLOYMENT_TARGET = 6.0;
				ONLY_ACTIVE_ARCH = YES;
				SDKROOT = iphoneos;
			};
			name = Debug;
		};
		5D3F24131696481E003736FE /* Release */ = {
			isa = XCBuildConfiguration;
			buildSettings = {
				ALWAYS_SEARCH_USER_PATHS = NO;
				CLANG_CXX_LANGUAGE_STANDARD = "gnu++0x";
				CLANG_CXX_LIBRARY = "libc++";
				CLANG_ENABLE_OBJC_ARC = YES;
				CLANG_WARN_EMPTY_BODY = YES;
				CLANG_WARN__DUPLICATE_METHOD_MATCH = YES;
				COPY_PHASE_STRIP = YES;
				GCC_C_LANGUAGE_STANDARD = gnu99;
				GCC_WARN_ABOUT_RETURN_TYPE = YES;
				GCC_WARN_UNINITIALIZED_AUTOS = YES;
				GCC_WARN_UNUSED_VARIABLE = YES;
				IPHONEOS_DEPLOYMENT_TARGET = 6.0;
				SDKROOT = iphoneos;
				VALIDATE_PRODUCT = YES;
			};
			name = Release;
		};
		5D3F24151696481E003736FE /* Debug */ = {
			isa = XCBuildConfiguration;
			buildSettings = {
				DSTROOT = /tmp/backpocket.dst;
				GCC_PRECOMPILE_PREFIX_HEADER = YES;
				GCC_PREFIX_HEADER = "src/backpocket-Prefix.pch";
				New_Setting = "";
				OTHER_LDFLAGS = "-ObjC";
				PRODUCT_NAME = backpocket;
				SKIP_INSTALL = YES;
			};
			name = Debug;
		};
		5D3F24161696481E003736FE /* Release */ = {
			isa = XCBuildConfiguration;
			buildSettings = {
				DSTROOT = /tmp/backpocket.dst;
				GCC_PRECOMPILE_PREFIX_HEADER = YES;
				GCC_PREFIX_HEADER = "src/backpocket-Prefix.pch";
				New_Setting = "";
				OTHER_LDFLAGS = "-ObjC";
				PRODUCT_NAME = backpocket;
				SKIP_INSTALL = YES;
			};
			name = Release;
		};
		5D3F24181696481E003736FE /* Debug */ = {
			isa = XCBuildConfiguration;
			buildSettings = {
				FRAMEWORK_SEARCH_PATHS = (
					"\"$(SDKROOT)/Developer/Library/Frameworks\"",
					"\"$(DEVELOPER_LIBRARY_DIR)/Frameworks\"",
				);
				GCC_PRECOMPILE_PREFIX_HEADER = YES;
				GCC_PREFIX_HEADER = "backpocket/backpocket-Prefix.pch";
				INFOPLIST_FILE = "tests/backpocketTests-Info.plist";
				PRODUCT_NAME = backpocketTests;
				WRAPPER_EXTENSION = octest;
			};
			name = Debug;
		};
		5D3F24191696481E003736FE /* Release */ = {
			isa = XCBuildConfiguration;
			buildSettings = {
				FRAMEWORK_SEARCH_PATHS = (
					"\"$(SDKROOT)/Developer/Library/Frameworks\"",
					"\"$(DEVELOPER_LIBRARY_DIR)/Frameworks\"",
				);
				GCC_PRECOMPILE_PREFIX_HEADER = YES;
				GCC_PREFIX_HEADER = "backpocket/backpocket-Prefix.pch";
				INFOPLIST_FILE = "tests/backpocketTests-Info.plist";
				PRODUCT_NAME = backpocketTests;
				WRAPPER_EXTENSION = octest;
			};
			name = Release;
		};
/* End XCBuildConfiguration section */

/* Begin XCConfigurationList section */
		5D3F23E91696481D003736FE /* Build configuration list for PBXProject "backpocket" */ = {
			isa = XCConfigurationList;
			buildConfigurations = (
				5D3F24121696481E003736FE /* Debug */,
				5D3F24131696481E003736FE /* Release */,
			);
			defaultConfigurationIsVisible = 0;
			defaultConfigurationName = Release;
		};
		5D3F24141696481E003736FE /* Build configuration list for PBXNativeTarget "backpocket" */ = {
			isa = XCConfigurationList;
			buildConfigurations = (
				5D3F24151696481E003736FE /* Debug */,
				5D3F24161696481E003736FE /* Release */,
			);
			defaultConfigurationIsVisible = 0;
			defaultConfigurationName = Release;
		};
		5D3F24171696481E003736FE /* Build configuration list for PBXNativeTarget "backpocketTests" */ = {
			isa = XCConfigurationList;
			buildConfigurations = (
				5D3F24181696481E003736FE /* Debug */,
				5D3F24191696481E003736FE /* Release */,
			);
			defaultConfigurationIsVisible = 0;
			defaultConfigurationName = Release;
		};
/* End XCConfigurationList section */
	};
	rootObject = 5D3F23E61696481D003736FE /* Project object */;
}
